{
  "object": {
    "pins": [
      {
        "package": "CHTCollectionViewWaterfallLayout",
        "repositoryURL": "https://github.com/chiahsien/CHTCollectionViewWaterfallLayout.git",
        "state": {
          "branch": null,
          "revision": "6353ec8305870da3c43b3bd2fa27d79119f4c60b",
          "version": "0.9.8"
        }
      },
      {
        "package": "SwiftyGif",
        "repositoryURL": "https://github.com/kirualex/SwiftyGif.git",
        "state": {
          "branch": null,
          "revision": "4d851de4cdecb6c5453c8d529c3578dd49086408",
          "version": "5.2.0"
        }
      }
    ]
  },
  "version": 1
}
